
Microsoft Visual Studio Solution File, Format Version 12.00
# Visual Studio Version 16
VisualStudioVersion = 16.0.29609.76
MinimumVisualStudioVersion = 10.0.40219.1
Project("{FAE04EC0-301F-11D3-BF4B-00C04F79EFBC}") = "CspHeader", "CspHeader\CspHeader.csproj", "{08EE5B72-9FC7-47A5-9016-E5C33FBF9BD2}"
EndProject
Global
	GlobalSection(SolutionConfigurationPlatforms) = preSolution
		Debug|Any CPU = Debug|Any CPU
		Release|Any CPU = Release|Any CPU
	EndGlobalSection
	GlobalSection(ProjectConfigurationPlatforms) = postSolution
		{08EE5B72-9FC7-47A5-9016-E5C33FBF9BD2}.Debug|Any CPU.ActiveCfg = Debug|Any CPU
		{08EE5B72-9FC7-47A5-9016-E5C33FBF9BD2}.Debug|Any CPU.Build.0 = Debug|Any CPU
		{08EE5B72-9FC7-47A5-9016-E5C33FBF9BD2}.Release|Any CPU.ActiveCfg = Release|Any CPU
		{08EE5B72-9FC7-47A5-9016-E5C33FBF9BD2}.Release|Any CPU.Build.0 = Release|Any CPU
	EndGlobalSection
	GlobalSection(SolutionProperties) = preSolution
		HideSolutionNode = FALSE
	EndGlobalSection
	GlobalSection(ExtensibilityGlobals) = postSolution
		SolutionGuid = {EBCFE15B-CE5B-4FDE-96E1-DB6CC4C36F57}
	EndGlobalSection
EndGlobal
